
Microsoft Visual Studio Solution File, Format Version 12.00
# Visual Studio Version 17
VisualStudioVersion = 17.12.35707.178
MinimumVisualStudioVersion = 10.0.40219.1
Project("{FAE04EC0-301F-11D3-BF4B-00C04F79EFBC}") = "BookStoreApp.API", "BookStoreApp.API\BookStoreApp.API.csproj", "{E1834BFC-4629-41E2-A252-DA2DBD738E6C}"
EndProject
Project("{FAE04EC0-301F-11D3-BF4B-00C04F79EFBC}") = "test", "test\test.csproj", "{743E6B14-10D1-4283-9BFC-0473727E74EC}"
EndProject
Project("{FAE04EC0-301F-11D3-BF4B-00C04F79EFBC}") = "BookStoreApp.Blazor.Server.UI", "BookStoreApp.Blazor.Server.UI\BookStoreApp.Blazor.Server.UI.csproj", "{894E2ECA-38C9-47D0-819D-40A2F11E24E8}"
EndProject
Project("{FAE04EC0-301F-11D3-BF4B-00C04F79EFBC}") = "BookStoreApp.Blazor.WebAssembly.UI", "BookStoreApp.Blazor.WebAssembly.UI\BookStoreApp.Blazor.WebAssembly.UI.csproj", "{0683F47C-FDB6-4E4A-9CFB-DA8E112EB309}"
EndProject
Global
	GlobalSection(SolutionConfigurationPlatforms) = preSolution
		Debug|Any CPU = Debug|Any CPU
		Release|Any CPU = Release|Any CPU
	EndGlobalSection
	GlobalSection(ProjectConfigurationPlatforms) = postSolution
		{E1834BFC-4629-41E2-A252-DA2DBD738E6C}.Debug|Any CPU.ActiveCfg = Debug|Any CPU
		{E1834BFC-4629-41E2-A252-DA2DBD738E6C}.Debug|Any CPU.Build.0 = Debug|Any CPU
		{E1834BFC-4629-41E2-A252-DA2DBD738E6C}.Release|Any CPU.ActiveCfg = Release|Any CPU
		{E1834BFC-4629-41E2-A252-DA2DBD738E6C}.Release|Any CPU.Build.0 = Release|Any CPU
		{743E6B14-10D1-4283-9BFC-0473727E74EC}.Debug|Any CPU.ActiveCfg = Debug|Any CPU
		{743E6B14-10D1-4283-9BFC-0473727E74EC}.Debug|Any CPU.Build.0 = Debug|Any CPU
		{743E6B14-10D1-4283-9BFC-0473727E74EC}.Release|Any CPU.ActiveCfg = Release|Any CPU
		{743E6B14-10D1-4283-9BFC-0473727E74EC}.Release|Any CPU.Build.0 = Release|Any CPU
		{894E2ECA-38C9-47D0-819D-40A2F11E24E8}.Debug|Any CPU.ActiveCfg = Debug|Any CPU
		{894E2ECA-38C9-47D0-819D-40A2F11E24E8}.Debug|Any CPU.Build.0 = Debug|Any CPU
		{894E2ECA-38C9-47D0-819D-40A2F11E24E8}.Release|Any CPU.ActiveCfg = Release|Any CPU
		{894E2ECA-38C9-47D0-819D-40A2F11E24E8}.Release|Any CPU.Build.0 = Release|Any CPU
		{0683F47C-FDB6-4E4A-9CFB-DA8E112EB309}.Debug|Any CPU.ActiveCfg = Debug|Any CPU
		{0683F47C-FDB6-4E4A-9CFB-DA8E112EB309}.Debug|Any CPU.Build.0 = Debug|Any CPU
		{0683F47C-FDB6-4E4A-9CFB-DA8E112EB309}.Release|Any CPU.ActiveCfg = Release|Any CPU
		{0683F47C-FDB6-4E4A-9CFB-DA8E112EB309}.Release|Any CPU.Build.0 = Release|Any CPU
	EndGlobalSection
	GlobalSection(SolutionProperties) = preSolution
		HideSolutionNode = FALSE
	EndGlobalSection
EndGlobal
